
Microsoft Visual Studio Solution File, Format Version 12.00
# Visual Studio 15
VisualStudioVersion = 15.0.27130.2027
MinimumVisualStudioVersion = 10.0.40219.1
Project("{9A19103F-16F7-4668-BE54-9A1E7A4F7556}") = "Sort Times", "Sort Times\Sort Times.csproj", "{68077E21-88E4-4AA4-A646-ED176BB22A16}"
EndProject
Project("{9A19103F-16F7-4668-BE54-9A1E7A4F7556}") = "Odd filter", "Odd filter\Odd filter.csproj", "{174B8584-F527-4043-BE98-96BFC67B2F8C}"
EndProject
Project("{9A19103F-16F7-4668-BE54-9A1E7A4F7556}") = "Immune System", "Immune System\Immune System.csproj", "{16D11F1A-1E4C-4446-975F-C9D5320CA9CE}"
EndProject
Project("{9A19103F-16F7-4668-BE54-9A1E7A4F7556}") = "Supermarket Datebase", "Supermarket Datebase\Supermarket Datebase.csproj", "{BB23ED82-01FE-4AF7-9464-0D60624AB40E}"
EndProject
Project("{9A19103F-16F7-4668-BE54-9A1E7A4F7556}") = "Parking Validation", "Parking Validation\Parking Validation.csproj", "{B1D0020B-2D6A-4893-BDA8-A4D7188451CF}"
EndProject
Project("{FAE04EC0-301F-11D3-BF4B-00C04F79EFBC}") = "Byte flip", "Byte flip\Byte flip.csproj", "{8B63A7F9-306C-40CE-8631-2EADCD3FEE86}"
EndProject
Global
	GlobalSection(SolutionConfigurationPlatforms) = preSolution
		Debug|Any CPU = Debug|Any CPU
		Release|Any CPU = Release|Any CPU
	EndGlobalSection
	GlobalSection(ProjectConfigurationPlatforms) = postSolution
		{68077E21-88E4-4AA4-A646-ED176BB22A16}.Debug|Any CPU.ActiveCfg = Debug|Any CPU
		{68077E21-88E4-4AA4-A646-ED176BB22A16}.Debug|Any CPU.Build.0 = Debug|Any CPU
		{68077E21-88E4-4AA4-A646-ED176BB22A16}.Release|Any CPU.ActiveCfg = Release|Any CPU
		{68077E21-88E4-4AA4-A646-ED176BB22A16}.Release|Any CPU.Build.0 = Release|Any CPU
		{174B8584-F527-4043-BE98-96BFC67B2F8C}.Debug|Any CPU.ActiveCfg = Debug|Any CPU
		{174B8584-F527-4043-BE98-96BFC67B2F8C}.Debug|Any CPU.Build.0 = Debug|Any CPU
		{174B8584-F527-4043-BE98-96BFC67B2F8C}.Release|Any CPU.ActiveCfg = Release|Any CPU
		{174B8584-F527-4043-BE98-96BFC67B2F8C}.Release|Any CPU.Build.0 = Release|Any CPU
		{16D11F1A-1E4C-4446-975F-C9D5320CA9CE}.Debug|Any CPU.ActiveCfg = Debug|Any CPU
		{16D11F1A-1E4C-4446-975F-C9D5320CA9CE}.Debug|Any CPU.Build.0 = Debug|Any CPU
		{16D11F1A-1E4C-4446-975F-C9D5320CA9CE}.Release|Any CPU.ActiveCfg = Release|Any CPU
		{16D11F1A-1E4C-4446-975F-C9D5320CA9CE}.Release|Any CPU.Build.0 = Release|Any CPU
		{BB23ED82-01FE-4AF7-9464-0D60624AB40E}.Debug|Any CPU.ActiveCfg = Debug|Any CPU
		{BB23ED82-01FE-4AF7-9464-0D60624AB40E}.Debug|Any CPU.Build.0 = Debug|Any CPU
		{BB23ED82-01FE-4AF7-9464-0D60624AB40E}.Release|Any CPU.ActiveCfg = Release|Any CPU
		{BB23ED82-01FE-4AF7-9464-0D60624AB40E}.Release|Any CPU.Build.0 = Release|Any CPU
		{B1D0020B-2D6A-4893-BDA8-A4D7188451CF}.Debug|Any CPU.ActiveCfg = Debug|Any CPU
		{B1D0020B-2D6A-4893-BDA8-A4D7188451CF}.Debug|Any CPU.Build.0 = Debug|Any CPU
		{B1D0020B-2D6A-4893-BDA8-A4D7188451CF}.Release|Any CPU.ActiveCfg = Release|Any CPU
		{B1D0020B-2D6A-4893-BDA8-A4D7188451CF}.Release|Any CPU.Build.0 = Release|Any CPU
		{8B63A7F9-306C-40CE-8631-2EADCD3FEE86}.Debug|Any CPU.ActiveCfg = Debug|Any CPU
		{8B63A7F9-306C-40CE-8631-2EADCD3FEE86}.Debug|Any CPU.Build.0 = Debug|Any CPU
		{8B63A7F9-306C-40CE-8631-2EADCD3FEE86}.Release|Any CPU.ActiveCfg = Release|Any CPU
		{8B63A7F9-306C-40CE-8631-2EADCD3FEE86}.Release|Any CPU.Build.0 = Release|Any CPU
	EndGlobalSection
	GlobalSection(SolutionProperties) = preSolution
		HideSolutionNode = FALSE
	EndGlobalSection
	GlobalSection(ExtensibilityGlobals) = postSolution
		SolutionGuid = {15FEC667-3265-410B-97C3-C05A592F8208}
	EndGlobalSection
EndGlobal
