
Microsoft Visual Studio Solution File, Format Version 12.00
# Visual Studio 15
VisualStudioVersion = 15.0.28010.2026
MinimumVisualStudioVersion = 10.0.40219.1
Project("{9A19103F-16F7-4668-BE54-9A1E7A4F7556}") = "DefiningClasses-Lab", "Bank\DefiningClasses-Lab.csproj", "{92A8FF2D-EB4C-4BCD-A5B4-D05D85E8519B}"
EndProject
Global
	GlobalSection(SolutionConfigurationPlatforms) = preSolution
		Debug|Any CPU = Debug|Any CPU
		Release|Any CPU = Release|Any CPU
	EndGlobalSection
	GlobalSection(ProjectConfigurationPlatforms) = postSolution
		{92A8FF2D-EB4C-4BCD-A5B4-D05D85E8519B}.Debug|Any CPU.ActiveCfg = Debug|Any CPU
		{92A8FF2D-EB4C-4BCD-A5B4-D05D85E8519B}.Debug|Any CPU.Build.0 = Debug|Any CPU
		{92A8FF2D-EB4C-4BCD-A5B4-D05D85E8519B}.Release|Any CPU.ActiveCfg = Release|Any CPU
		{92A8FF2D-EB4C-4BCD-A5B4-D05D85E8519B}.Release|Any CPU.Build.0 = Release|Any CPU
	EndGlobalSection
	GlobalSection(SolutionProperties) = preSolution
		HideSolutionNode = FALSE
	EndGlobalSection
	GlobalSection(ExtensibilityGlobals) = postSolution
		SolutionGuid = {40C459C8-3AF7-491D-A9AA-127EB33B79FD}
	EndGlobalSection
EndGlobal
