
Microsoft Visual Studio Solution File, Format Version 12.00
# Visual Studio 15
VisualStudioVersion = 15.0.28307.438
MinimumVisualStudioVersion = 10.0.40219.1
Project("{9A19103F-16F7-4668-BE54-9A1E7A4F7556}") = "BillsPaymentSystem.App", "BillsPaymentSystem.App\BillsPaymentSystem.App.csproj", "{8122D0BE-B9E9-4AD1-AB5B-00289A9B2058}"
EndProject
Project("{9A19103F-16F7-4668-BE54-9A1E7A4F7556}") = "BillsPaymentSystem.Data", "BillsPaymentSystem.Data\BillsPaymentSystem.Data.csproj", "{DDB4DFFD-38EA-4AE0-A705-FCF343F3F13E}"
EndProject
Project("{9A19103F-16F7-4668-BE54-9A1E7A4F7556}") = "BillsPaymentSystem.Models", "BillsPaymentSystem.Models\BillsPaymentSystem.Models.csproj", "{8CA0530C-2B1B-4063-B46C-E298BCB1A068}"
EndProject
Global
	GlobalSection(SolutionConfigurationPlatforms) = preSolution
		Debug|Any CPU = Debug|Any CPU
		Release|Any CPU = Release|Any CPU
	EndGlobalSection
	GlobalSection(ProjectConfigurationPlatforms) = postSolution
		{8122D0BE-B9E9-4AD1-AB5B-00289A9B2058}.Debug|Any CPU.ActiveCfg = Debug|Any CPU
		{8122D0BE-B9E9-4AD1-AB5B-00289A9B2058}.Debug|Any CPU.Build.0 = Debug|Any CPU
		{8122D0BE-B9E9-4AD1-AB5B-00289A9B2058}.Release|Any CPU.ActiveCfg = Release|Any CPU
		{8122D0BE-B9E9-4AD1-AB5B-00289A9B2058}.Release|Any CPU.Build.0 = Release|Any CPU
		{DDB4DFFD-38EA-4AE0-A705-FCF343F3F13E}.Debug|Any CPU.ActiveCfg = Debug|Any CPU
		{DDB4DFFD-38EA-4AE0-A705-FCF343F3F13E}.Debug|Any CPU.Build.0 = Debug|Any CPU
		{DDB4DFFD-38EA-4AE0-A705-FCF343F3F13E}.Release|Any CPU.ActiveCfg = Release|Any CPU
		{DDB4DFFD-38EA-4AE0-A705-FCF343F3F13E}.Release|Any CPU.Build.0 = Release|Any CPU
		{8CA0530C-2B1B-4063-B46C-E298BCB1A068}.Debug|Any CPU.ActiveCfg = Debug|Any CPU
		{8CA0530C-2B1B-4063-B46C-E298BCB1A068}.Debug|Any CPU.Build.0 = Debug|Any CPU
		{8CA0530C-2B1B-4063-B46C-E298BCB1A068}.Release|Any CPU.ActiveCfg = Release|Any CPU
		{8CA0530C-2B1B-4063-B46C-E298BCB1A068}.Release|Any CPU.Build.0 = Release|Any CPU
	EndGlobalSection
	GlobalSection(SolutionProperties) = preSolution
		HideSolutionNode = FALSE
	EndGlobalSection
	GlobalSection(ExtensibilityGlobals) = postSolution
		SolutionGuid = {09DA5903-AD6A-4F53-8651-90D4F6763F04}
	EndGlobalSection
EndGlobal
