
Microsoft Visual Studio Solution File, Format Version 12.00
# Visual Studio 15
VisualStudioVersion = 15.0.28010.2026
MinimumVisualStudioVersion = 10.0.40219.1
Project("{9A19103F-16F7-4668-BE54-9A1E7A4F7556}") = "Vehicles", "Vehicles\Vehicles.csproj", "{3DA259EA-A649-41C2-81DD-46409455940F}"
EndProject
Project("{9A19103F-16F7-4668-BE54-9A1E7A4F7556}") = "Vehicles-Extension", "Vehicles-Extension\Vehicles-Extension.csproj", "{879CD5A9-5773-4F74-BE25-E27D89F89148}"
EndProject
Project("{FAE04EC0-301F-11D3-BF4B-00C04F79EFBC}") = "WildFarm", "WildFarm\WildFarm.csproj", "{FAC3EDB5-B7F9-40F6-9CB5-B3FC5A1A549B}"
EndProject
Global
	GlobalSection(SolutionConfigurationPlatforms) = preSolution
		Debug|Any CPU = Debug|Any CPU
		Release|Any CPU = Release|Any CPU
	EndGlobalSection
	GlobalSection(ProjectConfigurationPlatforms) = postSolution
		{3DA259EA-A649-41C2-81DD-46409455940F}.Debug|Any CPU.ActiveCfg = Debug|Any CPU
		{3DA259EA-A649-41C2-81DD-46409455940F}.Debug|Any CPU.Build.0 = Debug|Any CPU
		{3DA259EA-A649-41C2-81DD-46409455940F}.Release|Any CPU.ActiveCfg = Release|Any CPU
		{3DA259EA-A649-41C2-81DD-46409455940F}.Release|Any CPU.Build.0 = Release|Any CPU
		{879CD5A9-5773-4F74-BE25-E27D89F89148}.Debug|Any CPU.ActiveCfg = Debug|Any CPU
		{879CD5A9-5773-4F74-BE25-E27D89F89148}.Debug|Any CPU.Build.0 = Debug|Any CPU
		{879CD5A9-5773-4F74-BE25-E27D89F89148}.Release|Any CPU.ActiveCfg = Release|Any CPU
		{879CD5A9-5773-4F74-BE25-E27D89F89148}.Release|Any CPU.Build.0 = Release|Any CPU
		{FAC3EDB5-B7F9-40F6-9CB5-B3FC5A1A549B}.Debug|Any CPU.ActiveCfg = Debug|Any CPU
		{FAC3EDB5-B7F9-40F6-9CB5-B3FC5A1A549B}.Debug|Any CPU.Build.0 = Debug|Any CPU
		{FAC3EDB5-B7F9-40F6-9CB5-B3FC5A1A549B}.Release|Any CPU.ActiveCfg = Release|Any CPU
		{FAC3EDB5-B7F9-40F6-9CB5-B3FC5A1A549B}.Release|Any CPU.Build.0 = Release|Any CPU
	EndGlobalSection
	GlobalSection(SolutionProperties) = preSolution
		HideSolutionNode = FALSE
	EndGlobalSection
	GlobalSection(ExtensibilityGlobals) = postSolution
		SolutionGuid = {81B905D1-5D59-4090-A36B-CA93A9BC1734}
	EndGlobalSection
EndGlobal
