
Microsoft Visual Studio Solution File, Format Version 12.00
# Visual Studio 15
VisualStudioVersion = 15.0.28010.2026
MinimumVisualStudioVersion = 10.0.40219.1
Project("{9A19103F-16F7-4668-BE54-9A1E7A4F7556}") = "UniqueUsernames", "UniqueUsernames\UniqueUsernames.csproj", "{29AB5830-25B1-459B-AF10-5314686A1593}"
EndProject
Project("{9A19103F-16F7-4668-BE54-9A1E7A4F7556}") = "SetsOfElements", "SetsOfElements\SetsOfElements.csproj", "{963A0105-CAF2-4048-8480-2C18D2D0D881}"
EndProject
Project("{9A19103F-16F7-4668-BE54-9A1E7A4F7556}") = "PeriodicTable", "PeriodicTable\PeriodicTable.csproj", "{ECCC846D-535C-44FD-BD52-19EFBEB1A7D7}"
EndProject
Project("{9A19103F-16F7-4668-BE54-9A1E7A4F7556}") = "EvenTimes", "EvenTimes\EvenTimes.csproj", "{9528B0EA-8B4A-4395-ABAA-F9BA06664082}"
EndProject
Project("{9A19103F-16F7-4668-BE54-9A1E7A4F7556}") = "CountSymbols", "CountSymbols\CountSymbols.csproj", "{CFE34BDE-034F-4D86-8D9B-F48C2A2F05E0}"
EndProject
Project("{9A19103F-16F7-4668-BE54-9A1E7A4F7556}") = "Wardrobe", "Wardrobe\Wardrobe.csproj", "{EF507714-21DE-4443-AF3A-A71B4825D35A}"
EndProject
Project("{9A19103F-16F7-4668-BE54-9A1E7A4F7556}") = "Ranking", "Ranking\Ranking.csproj", "{84E3A9DD-3ED1-46F7-A524-4E1230F77DD3}"
EndProject
Project("{FAE04EC0-301F-11D3-BF4B-00C04F79EFBC}") = "TheVLogger", "TheVLogger\TheVLogger.csproj", "{4DBC7A86-9C23-4F88-A234-35392BC56916}"
EndProject
Global
	GlobalSection(SolutionConfigurationPlatforms) = preSolution
		Debug|Any CPU = Debug|Any CPU
		Release|Any CPU = Release|Any CPU
	EndGlobalSection
	GlobalSection(ProjectConfigurationPlatforms) = postSolution
		{29AB5830-25B1-459B-AF10-5314686A1593}.Debug|Any CPU.ActiveCfg = Debug|Any CPU
		{29AB5830-25B1-459B-AF10-5314686A1593}.Debug|Any CPU.Build.0 = Debug|Any CPU
		{29AB5830-25B1-459B-AF10-5314686A1593}.Release|Any CPU.ActiveCfg = Release|Any CPU
		{29AB5830-25B1-459B-AF10-5314686A1593}.Release|Any CPU.Build.0 = Release|Any CPU
		{963A0105-CAF2-4048-8480-2C18D2D0D881}.Debug|Any CPU.ActiveCfg = Debug|Any CPU
		{963A0105-CAF2-4048-8480-2C18D2D0D881}.Debug|Any CPU.Build.0 = Debug|Any CPU
		{963A0105-CAF2-4048-8480-2C18D2D0D881}.Release|Any CPU.ActiveCfg = Release|Any CPU
		{963A0105-CAF2-4048-8480-2C18D2D0D881}.Release|Any CPU.Build.0 = Release|Any CPU
		{ECCC846D-535C-44FD-BD52-19EFBEB1A7D7}.Debug|Any CPU.ActiveCfg = Debug|Any CPU
		{ECCC846D-535C-44FD-BD52-19EFBEB1A7D7}.Debug|Any CPU.Build.0 = Debug|Any CPU
		{ECCC846D-535C-44FD-BD52-19EFBEB1A7D7}.Release|Any CPU.ActiveCfg = Release|Any CPU
		{ECCC846D-535C-44FD-BD52-19EFBEB1A7D7}.Release|Any CPU.Build.0 = Release|Any CPU
		{9528B0EA-8B4A-4395-ABAA-F9BA06664082}.Debug|Any CPU.ActiveCfg = Debug|Any CPU
		{9528B0EA-8B4A-4395-ABAA-F9BA06664082}.Debug|Any CPU.Build.0 = Debug|Any CPU
		{9528B0EA-8B4A-4395-ABAA-F9BA06664082}.Release|Any CPU.ActiveCfg = Release|Any CPU
		{9528B0EA-8B4A-4395-ABAA-F9BA06664082}.Release|Any CPU.Build.0 = Release|Any CPU
		{CFE34BDE-034F-4D86-8D9B-F48C2A2F05E0}.Debug|Any CPU.ActiveCfg = Debug|Any CPU
		{CFE34BDE-034F-4D86-8D9B-F48C2A2F05E0}.Debug|Any CPU.Build.0 = Debug|Any CPU
		{CFE34BDE-034F-4D86-8D9B-F48C2A2F05E0}.Release|Any CPU.ActiveCfg = Release|Any CPU
		{CFE34BDE-034F-4D86-8D9B-F48C2A2F05E0}.Release|Any CPU.Build.0 = Release|Any CPU
		{EF507714-21DE-4443-AF3A-A71B4825D35A}.Debug|Any CPU.ActiveCfg = Debug|Any CPU
		{EF507714-21DE-4443-AF3A-A71B4825D35A}.Debug|Any CPU.Build.0 = Debug|Any CPU
		{EF507714-21DE-4443-AF3A-A71B4825D35A}.Release|Any CPU.ActiveCfg = Release|Any CPU
		{EF507714-21DE-4443-AF3A-A71B4825D35A}.Release|Any CPU.Build.0 = Release|Any CPU
		{84E3A9DD-3ED1-46F7-A524-4E1230F77DD3}.Debug|Any CPU.ActiveCfg = Debug|Any CPU
		{84E3A9DD-3ED1-46F7-A524-4E1230F77DD3}.Debug|Any CPU.Build.0 = Debug|Any CPU
		{84E3A9DD-3ED1-46F7-A524-4E1230F77DD3}.Release|Any CPU.ActiveCfg = Release|Any CPU
		{84E3A9DD-3ED1-46F7-A524-4E1230F77DD3}.Release|Any CPU.Build.0 = Release|Any CPU
		{4DBC7A86-9C23-4F88-A234-35392BC56916}.Debug|Any CPU.ActiveCfg = Debug|Any CPU
		{4DBC7A86-9C23-4F88-A234-35392BC56916}.Debug|Any CPU.Build.0 = Debug|Any CPU
		{4DBC7A86-9C23-4F88-A234-35392BC56916}.Release|Any CPU.ActiveCfg = Release|Any CPU
		{4DBC7A86-9C23-4F88-A234-35392BC56916}.Release|Any CPU.Build.0 = Release|Any CPU
	EndGlobalSection
	GlobalSection(SolutionProperties) = preSolution
		HideSolutionNode = FALSE
	EndGlobalSection
	GlobalSection(ExtensibilityGlobals) = postSolution
		SolutionGuid = {3BE1652F-B811-47EE-A999-FCE06FDF995E}
	EndGlobalSection
EndGlobal
