
Microsoft Visual Studio Solution File, Format Version 12.00
# Visual Studio 15
VisualStudioVersion = 15.0.28307.136
MinimumVisualStudioVersion = 10.0.40219.1
Project("{9A19103F-16F7-4668-BE54-9A1E7A4F7556}") = "P01_HospitalDatabase", "P01_HospitalDatabase\P01_HospitalDatabase.csproj", "{546C574E-96EB-42EF-8199-159858973524}"
EndProject
Project("{FAE04EC0-301F-11D3-BF4B-00C04F79EFBC}") = "P02_HospitalDatabaseModification", "P02_HospitalDatabaseModification\P02_HospitalDatabaseModification.csproj", "{AB958544-0CAF-441C-AE64-8A9D78122373}"
EndProject
Project("{FAE04EC0-301F-11D3-BF4B-00C04F79EFBC}") = "P03_SalesDatabase", "P03_SalesDatabase\P03_SalesDatabase.csproj", "{4F23DBF8-A4FE-4549-821C-020F6D9DC5C7}"
EndProject
Global
	GlobalSection(SolutionConfigurationPlatforms) = preSolution
		Debug|Any CPU = Debug|Any CPU
		Release|Any CPU = Release|Any CPU
	EndGlobalSection
	GlobalSection(ProjectConfigurationPlatforms) = postSolution
		{546C574E-96EB-42EF-8199-159858973524}.Debug|Any CPU.ActiveCfg = Debug|Any CPU
		{546C574E-96EB-42EF-8199-159858973524}.Debug|Any CPU.Build.0 = Debug|Any CPU
		{546C574E-96EB-42EF-8199-159858973524}.Release|Any CPU.ActiveCfg = Release|Any CPU
		{546C574E-96EB-42EF-8199-159858973524}.Release|Any CPU.Build.0 = Release|Any CPU
		{AB958544-0CAF-441C-AE64-8A9D78122373}.Debug|Any CPU.ActiveCfg = Debug|Any CPU
		{AB958544-0CAF-441C-AE64-8A9D78122373}.Debug|Any CPU.Build.0 = Debug|Any CPU
		{AB958544-0CAF-441C-AE64-8A9D78122373}.Release|Any CPU.ActiveCfg = Release|Any CPU
		{AB958544-0CAF-441C-AE64-8A9D78122373}.Release|Any CPU.Build.0 = Release|Any CPU
		{4F23DBF8-A4FE-4549-821C-020F6D9DC5C7}.Debug|Any CPU.ActiveCfg = Debug|Any CPU
		{4F23DBF8-A4FE-4549-821C-020F6D9DC5C7}.Debug|Any CPU.Build.0 = Debug|Any CPU
		{4F23DBF8-A4FE-4549-821C-020F6D9DC5C7}.Release|Any CPU.ActiveCfg = Release|Any CPU
		{4F23DBF8-A4FE-4549-821C-020F6D9DC5C7}.Release|Any CPU.Build.0 = Release|Any CPU
	EndGlobalSection
	GlobalSection(SolutionProperties) = preSolution
		HideSolutionNode = FALSE
	EndGlobalSection
	GlobalSection(ExtensibilityGlobals) = postSolution
		SolutionGuid = {DB4889EC-5150-4B1D-94A3-8EC3734B59D4}
	EndGlobalSection
EndGlobal
