
Microsoft Visual Studio Solution File, Format Version 12.00
# Visual Studio 15
VisualStudioVersion = 15.0.28010.2026
MinimumVisualStudioVersion = 10.0.40219.1
Project("{9A19103F-16F7-4668-BE54-9A1E7A4F7556}") = "MatrixOfPalindromes", "MatrixOfPalindromes\MatrixOfPalindromes.csproj", "{D814A452-71FD-42AF-800A-50E2E9DB8741}"
EndProject
Project("{9A19103F-16F7-4668-BE54-9A1E7A4F7556}") = "RubikMatrix", "RubikMatrix\RubikMatrix.csproj", "{67DD793A-09D5-488F-8618-2C085DDF306F}"
EndProject
Project("{9A19103F-16F7-4668-BE54-9A1E7A4F7556}") = "DiagonalDifference", "DiagonalDifference\DiagonalDifference.csproj", "{31C16A5F-D67B-4313-A02F-47E6318E21DA}"
EndProject
Project("{9A19103F-16F7-4668-BE54-9A1E7A4F7556}") = "SquaresInMatrix", "SquaresInMatrix\SquaresInMatrix.csproj", "{535C5B97-D6E5-4A0D-9531-DEC37C2D041E}"
EndProject
Project("{9A19103F-16F7-4668-BE54-9A1E7A4F7556}") = "MaximumSum", "MaximumSUm\MaximumSum.csproj", "{D58F8F6A-09AC-47B5-8D31-0DE6E9DF91BD}"
EndProject
Project("{9A19103F-16F7-4668-BE54-9A1E7A4F7556}") = "TargetPractice", "TargetPractice\TargetPractice.csproj", "{3E743D51-F718-4EA7-AC81-DCCF462C7B4B}"
EndProject
Project("{9A19103F-16F7-4668-BE54-9A1E7A4F7556}") = "LegoBlocks", "LegoBlocks\LegoBlocks.csproj", "{BD67AA10-B281-43A6-B82A-D684C728BE63}"
EndProject
Project("{9A19103F-16F7-4668-BE54-9A1E7A4F7556}") = "RadioactiveBunnies", "RadioactiveBunnies\RadioactiveBunnies.csproj", "{19404642-8133-439E-9199-057CA5BF89BA}"
EndProject
Project("{FAE04EC0-301F-11D3-BF4B-00C04F79EFBC}") = "ParkingSystem", "ParkingSystem\ParkingSystem.csproj", "{DA4A3F96-9652-446A-A6F5-EE6E81507F86}"
EndProject
Project("{FAE04EC0-301F-11D3-BF4B-00C04F79EFBC}") = "Crossfire", "Crossfire\Crossfire.csproj", "{9D9875CD-B8E0-4EED-8E29-4DCC0F16CA1B}"
EndProject
Project("{FAE04EC0-301F-11D3-BF4B-00C04F79EFBC}") = "TheHeiganDance", "TheHeiganDance\TheHeiganDance.csproj", "{4EBFD607-1335-4226-80CE-BC5513717CA1}"
EndProject
Global
	GlobalSection(SolutionConfigurationPlatforms) = preSolution
		Debug|Any CPU = Debug|Any CPU
		Release|Any CPU = Release|Any CPU
	EndGlobalSection
	GlobalSection(ProjectConfigurationPlatforms) = postSolution
		{D814A452-71FD-42AF-800A-50E2E9DB8741}.Debug|Any CPU.ActiveCfg = Debug|Any CPU
		{D814A452-71FD-42AF-800A-50E2E9DB8741}.Debug|Any CPU.Build.0 = Debug|Any CPU
		{D814A452-71FD-42AF-800A-50E2E9DB8741}.Release|Any CPU.ActiveCfg = Release|Any CPU
		{D814A452-71FD-42AF-800A-50E2E9DB8741}.Release|Any CPU.Build.0 = Release|Any CPU
		{67DD793A-09D5-488F-8618-2C085DDF306F}.Debug|Any CPU.ActiveCfg = Debug|Any CPU
		{67DD793A-09D5-488F-8618-2C085DDF306F}.Debug|Any CPU.Build.0 = Debug|Any CPU
		{67DD793A-09D5-488F-8618-2C085DDF306F}.Release|Any CPU.ActiveCfg = Release|Any CPU
		{67DD793A-09D5-488F-8618-2C085DDF306F}.Release|Any CPU.Build.0 = Release|Any CPU
		{31C16A5F-D67B-4313-A02F-47E6318E21DA}.Debug|Any CPU.ActiveCfg = Debug|Any CPU
		{31C16A5F-D67B-4313-A02F-47E6318E21DA}.Debug|Any CPU.Build.0 = Debug|Any CPU
		{31C16A5F-D67B-4313-A02F-47E6318E21DA}.Release|Any CPU.ActiveCfg = Release|Any CPU
		{31C16A5F-D67B-4313-A02F-47E6318E21DA}.Release|Any CPU.Build.0 = Release|Any CPU
		{535C5B97-D6E5-4A0D-9531-DEC37C2D041E}.Debug|Any CPU.ActiveCfg = Debug|Any CPU
		{535C5B97-D6E5-4A0D-9531-DEC37C2D041E}.Debug|Any CPU.Build.0 = Debug|Any CPU
		{535C5B97-D6E5-4A0D-9531-DEC37C2D041E}.Release|Any CPU.ActiveCfg = Release|Any CPU
		{535C5B97-D6E5-4A0D-9531-DEC37C2D041E}.Release|Any CPU.Build.0 = Release|Any CPU
		{D58F8F6A-09AC-47B5-8D31-0DE6E9DF91BD}.Debug|Any CPU.ActiveCfg = Debug|Any CPU
		{D58F8F6A-09AC-47B5-8D31-0DE6E9DF91BD}.Debug|Any CPU.Build.0 = Debug|Any CPU
		{D58F8F6A-09AC-47B5-8D31-0DE6E9DF91BD}.Release|Any CPU.ActiveCfg = Release|Any CPU
		{D58F8F6A-09AC-47B5-8D31-0DE6E9DF91BD}.Release|Any CPU.Build.0 = Release|Any CPU
		{3E743D51-F718-4EA7-AC81-DCCF462C7B4B}.Debug|Any CPU.ActiveCfg = Debug|Any CPU
		{3E743D51-F718-4EA7-AC81-DCCF462C7B4B}.Debug|Any CPU.Build.0 = Debug|Any CPU
		{3E743D51-F718-4EA7-AC81-DCCF462C7B4B}.Release|Any CPU.ActiveCfg = Release|Any CPU
		{3E743D51-F718-4EA7-AC81-DCCF462C7B4B}.Release|Any CPU.Build.0 = Release|Any CPU
		{BD67AA10-B281-43A6-B82A-D684C728BE63}.Debug|Any CPU.ActiveCfg = Debug|Any CPU
		{BD67AA10-B281-43A6-B82A-D684C728BE63}.Debug|Any CPU.Build.0 = Debug|Any CPU
		{BD67AA10-B281-43A6-B82A-D684C728BE63}.Release|Any CPU.ActiveCfg = Release|Any CPU
		{BD67AA10-B281-43A6-B82A-D684C728BE63}.Release|Any CPU.Build.0 = Release|Any CPU
		{19404642-8133-439E-9199-057CA5BF89BA}.Debug|Any CPU.ActiveCfg = Debug|Any CPU
		{19404642-8133-439E-9199-057CA5BF89BA}.Debug|Any CPU.Build.0 = Debug|Any CPU
		{19404642-8133-439E-9199-057CA5BF89BA}.Release|Any CPU.ActiveCfg = Release|Any CPU
		{19404642-8133-439E-9199-057CA5BF89BA}.Release|Any CPU.Build.0 = Release|Any CPU
		{DA4A3F96-9652-446A-A6F5-EE6E81507F86}.Debug|Any CPU.ActiveCfg = Debug|Any CPU
		{DA4A3F96-9652-446A-A6F5-EE6E81507F86}.Debug|Any CPU.Build.0 = Debug|Any CPU
		{DA4A3F96-9652-446A-A6F5-EE6E81507F86}.Release|Any CPU.ActiveCfg = Release|Any CPU
		{DA4A3F96-9652-446A-A6F5-EE6E81507F86}.Release|Any CPU.Build.0 = Release|Any CPU
		{9D9875CD-B8E0-4EED-8E29-4DCC0F16CA1B}.Debug|Any CPU.ActiveCfg = Debug|Any CPU
		{9D9875CD-B8E0-4EED-8E29-4DCC0F16CA1B}.Debug|Any CPU.Build.0 = Debug|Any CPU
		{9D9875CD-B8E0-4EED-8E29-4DCC0F16CA1B}.Release|Any CPU.ActiveCfg = Release|Any CPU
		{9D9875CD-B8E0-4EED-8E29-4DCC0F16CA1B}.Release|Any CPU.Build.0 = Release|Any CPU
		{4EBFD607-1335-4226-80CE-BC5513717CA1}.Debug|Any CPU.ActiveCfg = Debug|Any CPU
		{4EBFD607-1335-4226-80CE-BC5513717CA1}.Debug|Any CPU.Build.0 = Debug|Any CPU
		{4EBFD607-1335-4226-80CE-BC5513717CA1}.Release|Any CPU.ActiveCfg = Release|Any CPU
		{4EBFD607-1335-4226-80CE-BC5513717CA1}.Release|Any CPU.Build.0 = Release|Any CPU
	EndGlobalSection
	GlobalSection(SolutionProperties) = preSolution
		HideSolutionNode = FALSE
	EndGlobalSection
	GlobalSection(ExtensibilityGlobals) = postSolution
		SolutionGuid = {2E247AC0-2F65-4DFE-85AC-706F7EDA74A9}
	EndGlobalSection
EndGlobal
