
Microsoft Visual Studio Solution File, Format Version 12.00
# Visual Studio 15
VisualStudioVersion = 15.0.28010.2026
MinimumVisualStudioVersion = 10.0.40219.1
Project("{9A19103F-16F7-4668-BE54-9A1E7A4F7556}") = "SumMatrixElements", "SumMatrixElements\SumMatrixElements.csproj", "{2A190C83-B32C-4F44-B1BA-E34088193C6F}"
EndProject
Project("{9A19103F-16F7-4668-BE54-9A1E7A4F7556}") = "SumMatrixColumns", "SumMatrixColumns\SumMatrixColumns.csproj", "{B1478AE3-C137-4C26-A63A-69C634DF006B}"
EndProject
Project("{9A19103F-16F7-4668-BE54-9A1E7A4F7556}") = "PrimaryDiagonal", "PrimaryDiagonal\PrimaryDiagonal.csproj", "{E6DE35F8-984A-4AF7-A467-6A6C4E718B9B}"
EndProject
Project("{9A19103F-16F7-4668-BE54-9A1E7A4F7556}") = "SymbolInMatrix", "SymbolInMatrix\SymbolInMatrix.csproj", "{251481FC-DEAA-4106-83B0-D87E269B3274}"
EndProject
Project("{9A19103F-16F7-4668-BE54-9A1E7A4F7556}") = "SquareWithMaximumSum", "SquareWithMaximumSum\SquareWithMaximumSum.csproj", "{3521C69F-54D5-4E22-9E3F-BBCCB464E059}"
EndProject
Project("{9A19103F-16F7-4668-BE54-9A1E7A4F7556}") = "JaggedArrayModification", "JaggedArrayModification\JaggedArrayModification.csproj", "{96BDEC98-B87A-4523-9636-C6506691406F}"
EndProject
Project("{FAE04EC0-301F-11D3-BF4B-00C04F79EFBC}") = "GroupNumbers", "GroupNumbers\GroupNumbers.csproj", "{ED8B9D64-87D7-499C-BB0E-E4F4540CA8C8}"
EndProject
Project("{FAE04EC0-301F-11D3-BF4B-00C04F79EFBC}") = "PascalTriangle", "PascalTriangle\PascalTriangle.csproj", "{E56929E7-8866-4BFE-A3A6-5D256723AD44}"
EndProject
Global
	GlobalSection(SolutionConfigurationPlatforms) = preSolution
		Debug|Any CPU = Debug|Any CPU
		Release|Any CPU = Release|Any CPU
	EndGlobalSection
	GlobalSection(ProjectConfigurationPlatforms) = postSolution
		{2A190C83-B32C-4F44-B1BA-E34088193C6F}.Debug|Any CPU.ActiveCfg = Debug|Any CPU
		{2A190C83-B32C-4F44-B1BA-E34088193C6F}.Debug|Any CPU.Build.0 = Debug|Any CPU
		{2A190C83-B32C-4F44-B1BA-E34088193C6F}.Release|Any CPU.ActiveCfg = Release|Any CPU
		{2A190C83-B32C-4F44-B1BA-E34088193C6F}.Release|Any CPU.Build.0 = Release|Any CPU
		{B1478AE3-C137-4C26-A63A-69C634DF006B}.Debug|Any CPU.ActiveCfg = Debug|Any CPU
		{B1478AE3-C137-4C26-A63A-69C634DF006B}.Debug|Any CPU.Build.0 = Debug|Any CPU
		{B1478AE3-C137-4C26-A63A-69C634DF006B}.Release|Any CPU.ActiveCfg = Release|Any CPU
		{B1478AE3-C137-4C26-A63A-69C634DF006B}.Release|Any CPU.Build.0 = Release|Any CPU
		{E6DE35F8-984A-4AF7-A467-6A6C4E718B9B}.Debug|Any CPU.ActiveCfg = Debug|Any CPU
		{E6DE35F8-984A-4AF7-A467-6A6C4E718B9B}.Debug|Any CPU.Build.0 = Debug|Any CPU
		{E6DE35F8-984A-4AF7-A467-6A6C4E718B9B}.Release|Any CPU.ActiveCfg = Release|Any CPU
		{E6DE35F8-984A-4AF7-A467-6A6C4E718B9B}.Release|Any CPU.Build.0 = Release|Any CPU
		{251481FC-DEAA-4106-83B0-D87E269B3274}.Debug|Any CPU.ActiveCfg = Debug|Any CPU
		{251481FC-DEAA-4106-83B0-D87E269B3274}.Debug|Any CPU.Build.0 = Debug|Any CPU
		{251481FC-DEAA-4106-83B0-D87E269B3274}.Release|Any CPU.ActiveCfg = Release|Any CPU
		{251481FC-DEAA-4106-83B0-D87E269B3274}.Release|Any CPU.Build.0 = Release|Any CPU
		{3521C69F-54D5-4E22-9E3F-BBCCB464E059}.Debug|Any CPU.ActiveCfg = Debug|Any CPU
		{3521C69F-54D5-4E22-9E3F-BBCCB464E059}.Debug|Any CPU.Build.0 = Debug|Any CPU
		{3521C69F-54D5-4E22-9E3F-BBCCB464E059}.Release|Any CPU.ActiveCfg = Release|Any CPU
		{3521C69F-54D5-4E22-9E3F-BBCCB464E059}.Release|Any CPU.Build.0 = Release|Any CPU
		{96BDEC98-B87A-4523-9636-C6506691406F}.Debug|Any CPU.ActiveCfg = Debug|Any CPU
		{96BDEC98-B87A-4523-9636-C6506691406F}.Debug|Any CPU.Build.0 = Debug|Any CPU
		{96BDEC98-B87A-4523-9636-C6506691406F}.Release|Any CPU.ActiveCfg = Release|Any CPU
		{96BDEC98-B87A-4523-9636-C6506691406F}.Release|Any CPU.Build.0 = Release|Any CPU
		{ED8B9D64-87D7-499C-BB0E-E4F4540CA8C8}.Debug|Any CPU.ActiveCfg = Debug|Any CPU
		{ED8B9D64-87D7-499C-BB0E-E4F4540CA8C8}.Debug|Any CPU.Build.0 = Debug|Any CPU
		{ED8B9D64-87D7-499C-BB0E-E4F4540CA8C8}.Release|Any CPU.ActiveCfg = Release|Any CPU
		{ED8B9D64-87D7-499C-BB0E-E4F4540CA8C8}.Release|Any CPU.Build.0 = Release|Any CPU
		{E56929E7-8866-4BFE-A3A6-5D256723AD44}.Debug|Any CPU.ActiveCfg = Debug|Any CPU
		{E56929E7-8866-4BFE-A3A6-5D256723AD44}.Debug|Any CPU.Build.0 = Debug|Any CPU
		{E56929E7-8866-4BFE-A3A6-5D256723AD44}.Release|Any CPU.ActiveCfg = Release|Any CPU
		{E56929E7-8866-4BFE-A3A6-5D256723AD44}.Release|Any CPU.Build.0 = Release|Any CPU
	EndGlobalSection
	GlobalSection(SolutionProperties) = preSolution
		HideSolutionNode = FALSE
	EndGlobalSection
	GlobalSection(ExtensibilityGlobals) = postSolution
		SolutionGuid = {D8C5C902-8649-4677-9BE6-214D29F8534A}
	EndGlobalSection
EndGlobal
